
Microsoft Visual Studio Solution File, Format Version 12.00
# Visual Studio 15
VisualStudioVersion = 15.0.27130.2003
MinimumVisualStudioVersion = 10.0.40219.1
Project("{FAE04EC0-301F-11D3-BF4B-00C04F79EFBC}") = "IdleKingdomsEditor", "IdleKingdomsEditor\IdleKingdomsEditor.csproj", "{0B90193A-BEFC-44A8-B1A9-6DD71C20B3FB}"
EndProject
Project("{2150E333-8FDC-42A3-9474-1A3956D46DE8}") = "Solution Items", "Solution Items", "{4D501C73-FF33-4A2E-928F-8E04E30D02E6}"
	ProjectSection(SolutionItems) = preProject
		README.md = README.md
	EndProjectSection
EndProject
Project("{FAE04EC0-301F-11D3-BF4B-00C04F79EFBC}") = "HexGridControl", "lib\HexGrid\HexGridControl\HexGridControl.csproj", "{942134AC-6EA2-4500-8F22-0F739B70A05F}"
EndProject
Project("{FAE04EC0-301F-11D3-BF4B-00C04F79EFBC}") = "HexGridHelpers", "lib\HexGrid\HexGridHelpers\HexGridHelpers.csproj", "{E91ECA7C-4DEB-4A44-B695-FC5B9498A677}"
EndProject
Global
	GlobalSection(SolutionConfigurationPlatforms) = preSolution
		Debug|Any CPU = Debug|Any CPU
		Release|Any CPU = Release|Any CPU
	EndGlobalSection
	GlobalSection(ProjectConfigurationPlatforms) = postSolution
		{0B90193A-BEFC-44A8-B1A9-6DD71C20B3FB}.Debug|Any CPU.ActiveCfg = Debug|Any CPU
		{0B90193A-BEFC-44A8-B1A9-6DD71C20B3FB}.Debug|Any CPU.Build.0 = Debug|Any CPU
		{0B90193A-BEFC-44A8-B1A9-6DD71C20B3FB}.Release|Any CPU.ActiveCfg = Release|Any CPU
		{0B90193A-BEFC-44A8-B1A9-6DD71C20B3FB}.Release|Any CPU.Build.0 = Release|Any CPU
		{942134AC-6EA2-4500-8F22-0F739B70A05F}.Debug|Any CPU.ActiveCfg = Debug|Any CPU
		{942134AC-6EA2-4500-8F22-0F739B70A05F}.Debug|Any CPU.Build.0 = Debug|Any CPU
		{942134AC-6EA2-4500-8F22-0F739B70A05F}.Release|Any CPU.ActiveCfg = Release|Any CPU
		{942134AC-6EA2-4500-8F22-0F739B70A05F}.Release|Any CPU.Build.0 = Release|Any CPU
		{E91ECA7C-4DEB-4A44-B695-FC5B9498A677}.Debug|Any CPU.ActiveCfg = Debug|Any CPU
		{E91ECA7C-4DEB-4A44-B695-FC5B9498A677}.Debug|Any CPU.Build.0 = Debug|Any CPU
		{E91ECA7C-4DEB-4A44-B695-FC5B9498A677}.Release|Any CPU.ActiveCfg = Release|Any CPU
		{E91ECA7C-4DEB-4A44-B695-FC5B9498A677}.Release|Any CPU.Build.0 = Release|Any CPU
	EndGlobalSection
	GlobalSection(SolutionProperties) = preSolution
		HideSolutionNode = FALSE
	EndGlobalSection
	GlobalSection(ExtensibilityGlobals) = postSolution
		SolutionGuid = {465483E4-1BC0-4D12-A03D-985DF247179C}
	EndGlobalSection
EndGlobal
